
Microsoft Visual Studio Solution File, Format Version 12.00
# Visual Studio 15
VisualStudioVersion = 15.0.28010.2041
MinimumVisualStudioVersion = 10.0.40219.1
Project("{FAE04EC0-301F-11D3-BF4B-00C04F79EFBC}") = "ScamBooter", "ScamBooter\ScamBooter.csproj", "{CD800190-31E5-4586-810C-8B5719A33239}"
EndProject
Project("{FAE04EC0-301F-11D3-BF4B-00C04F79EFBC}") = "ScamBooterTests", "ScamBooterTests\ScamBooterTests.csproj", "{1F9A1671-9016-4C84-96B3-E0AF0138B238}"
EndProject
Global
	GlobalSection(SolutionConfigurationPlatforms) = preSolution
		Debug|x86 = Debug|x86
		Release|x86 = Release|x86
	EndGlobalSection
	GlobalSection(ProjectConfigurationPlatforms) = postSolution
		{CD800190-31E5-4586-810C-8B5719A33239}.Debug|x86.ActiveCfg = Debug|x86
		{CD800190-31E5-4586-810C-8B5719A33239}.Debug|x86.Build.0 = Debug|x86
		{CD800190-31E5-4586-810C-8B5719A33239}.Release|x86.ActiveCfg = Release|x86
		{CD800190-31E5-4586-810C-8B5719A33239}.Release|x86.Build.0 = Release|x86
		{1F9A1671-9016-4C84-96B3-E0AF0138B238}.Debug|x86.ActiveCfg = Debug|x86
		{1F9A1671-9016-4C84-96B3-E0AF0138B238}.Debug|x86.Build.0 = Debug|x86
		{1F9A1671-9016-4C84-96B3-E0AF0138B238}.Release|x86.ActiveCfg = Release|x86
		{1F9A1671-9016-4C84-96B3-E0AF0138B238}.Release|x86.Build.0 = Release|x86
	EndGlobalSection
	GlobalSection(SolutionProperties) = preSolution
		HideSolutionNode = FALSE
	EndGlobalSection
	GlobalSection(ExtensibilityGlobals) = postSolution
		SolutionGuid = {78AB3B44-86C8-414E-8347-276F7F9A7489}
	EndGlobalSection
EndGlobal
